
Microsoft Visual Studio Solution File, Format Version 12.00
# Visual Studio Version 16
VisualStudioVersion = 16.0.30717.126
MinimumVisualStudioVersion = 10.0.40219.1
Project("{9A19103F-16F7-4668-BE54-9A1E7A4F7556}") = "CSESoftware.Repository.SqlBulkRepositoryCore", "CSESoftware.Repository.SqlBulkRepositoryCore\CSESoftware.Repository.SqlBulkRepositoryCore.csproj", "{02577B2B-210E-4353-BA38-32A11DC56E93}"
EndProject
Project("{9A19103F-16F7-4668-BE54-9A1E7A4F7556}") = "CSESoftware.Repository.SqlBulkRepositoryCore.TestProject", "CSESoftware.Repository.SqlBulkRepositoryCore.TestProject\CSESoftware.Repository.SqlBulkRepositoryCore.TestProject.csproj", "{D7C2257A-0910-433A-9017-39ABEDF15843}"
EndProject
Project("{9A19103F-16F7-4668-BE54-9A1E7A4F7556}") = "CSESoftware.Repository.SqlBulkRepositoryCore.TestDatabase", "CSESoftware.Repository.SqlBulkRepositoryCore.TestDatabase\CSESoftware.Repository.SqlBulkRepositoryCore.TestDatabase.csproj", "{93FE678D-190C-45E9-BB44-D8E841B558D6}"
EndProject
Global
	GlobalSection(SolutionConfigurationPlatforms) = preSolution
		Debug|Any CPU = Debug|Any CPU
		Release|Any CPU = Release|Any CPU
	EndGlobalSection
	GlobalSection(ProjectConfigurationPlatforms) = postSolution
		{02577B2B-210E-4353-BA38-32A11DC56E93}.Debug|Any CPU.ActiveCfg = Debug|Any CPU
		{02577B2B-210E-4353-BA38-32A11DC56E93}.Debug|Any CPU.Build.0 = Debug|Any CPU
		{02577B2B-210E-4353-BA38-32A11DC56E93}.Release|Any CPU.ActiveCfg = Release|Any CPU
		{02577B2B-210E-4353-BA38-32A11DC56E93}.Release|Any CPU.Build.0 = Release|Any CPU
		{D7C2257A-0910-433A-9017-39ABEDF15843}.Debug|Any CPU.ActiveCfg = Debug|Any CPU
		{D7C2257A-0910-433A-9017-39ABEDF15843}.Debug|Any CPU.Build.0 = Debug|Any CPU
		{D7C2257A-0910-433A-9017-39ABEDF15843}.Release|Any CPU.ActiveCfg = Release|Any CPU
		{D7C2257A-0910-433A-9017-39ABEDF15843}.Release|Any CPU.Build.0 = Release|Any CPU
		{93FE678D-190C-45E9-BB44-D8E841B558D6}.Debug|Any CPU.ActiveCfg = Debug|Any CPU
		{93FE678D-190C-45E9-BB44-D8E841B558D6}.Debug|Any CPU.Build.0 = Debug|Any CPU
		{93FE678D-190C-45E9-BB44-D8E841B558D6}.Release|Any CPU.ActiveCfg = Release|Any CPU
		{93FE678D-190C-45E9-BB44-D8E841B558D6}.Release|Any CPU.Build.0 = Release|Any CPU
	EndGlobalSection
	GlobalSection(SolutionProperties) = preSolution
		HideSolutionNode = FALSE
	EndGlobalSection
	GlobalSection(ExtensibilityGlobals) = postSolution
		SolutionGuid = {69FEED57-E611-421D-82D7-4820917942B6}
	EndGlobalSection
EndGlobal
